hash: e3b0c44298fc1c149afbf4c8996fb92427ae41e4649b934ca495991b7852b855
updated: 2016-01-12T10:32:05.733474397Z
imports:
- name: github.com/cenkalti/backoff
  version: 4dc77674aceaabba2c7e3da25d4c823edfb73f99
  repo: https://github.com/cenkalti/backoff
- name: github.com/zorkian/go-datadog-api
  version: 5b496bab79146aebb31568dfbf0fba8a65117399
- name: gopkg.in/yaml.v2
  version: f7716cbe52baa25d2e9b0d0da546fcf909fc16b4
devImports: []
